
Microsoft Visual Studio Solution File, Format Version 12.00
# Visual Studio 15
VisualStudioVersion = 15.0.26403.7
MinimumVisualStudioVersion = 10.0.40219.1
Project("{FAE04EC0-301F-11D3-BF4B-00C04F79EFBC}") = "BelajarAPI", "BelajarAPI\BelajarAPI.csproj", "{40E0B6B6-CF13-4080-8C62-CA644F1BA9B5}"
EndProject
Project("{FAE04EC0-301F-11D3-BF4B-00C04F79EFBC}") = "Client_App", "Client_App\Client_App.csproj", "{7C78E969-85A8-4755-A8C7-A458D08E6961}"
EndProject
Global
	GlobalSection(SolutionConfigurationPlatforms) = preSolution
		Debug|Any CPU = Debug|Any CPU
		Release|Any CPU = Release|Any CPU
	EndGlobalSection
	GlobalSection(ProjectConfigurationPlatforms) = postSolution
		{40E0B6B6-CF13-4080-8C62-CA644F1BA9B5}.Debug|Any CPU.ActiveCfg = Debug|Any CPU
		{40E0B6B6-CF13-4080-8C62-CA644F1BA9B5}.Debug|Any CPU.Build.0 = Debug|Any CPU
		{40E0B6B6-CF13-4080-8C62-CA644F1BA9B5}.Release|Any CPU.ActiveCfg = Release|Any CPU
		{40E0B6B6-CF13-4080-8C62-CA644F1BA9B5}.Release|Any CPU.Build.0 = Release|Any CPU
		{7C78E969-85A8-4755-A8C7-A458D08E6961}.Debug|Any CPU.ActiveCfg = Debug|Any CPU
		{7C78E969-85A8-4755-A8C7-A458D08E6961}.Debug|Any CPU.Build.0 = Debug|Any CPU
		{7C78E969-85A8-4755-A8C7-A458D08E6961}.Release|Any CPU.ActiveCfg = Release|Any CPU
		{7C78E969-85A8-4755-A8C7-A458D08E6961}.Release|Any CPU.Build.0 = Release|Any CPU
	EndGlobalSection
	GlobalSection(SolutionProperties) = preSolution
		HideSolutionNode = FALSE
	EndGlobalSection
EndGlobal
